// !$*UTF8*$!
{
	archiveVersion = 1;
	classes = {
	};
	objectVersion = 56;
	objects = {

/* Begin PBXBuildFile section */
		1A00000100000001 /* BionicDroneVisionServerApp.swift in Sources */ = {isa = PBXBuildFile; fileRef = 1A00000100000011; };
		1A00000100000002 /* ContentView.swift in Sources */ = {isa = PBXBuildFile; fileRef = 1A00000100000012; };
		1A00000100000003 /* APIModels.swift in Sources */ = {isa = PBXBuildFile; fileRef = 1A00000100000013; };
		1A00000100000004 /* LlamaServer.swift in Sources */ = {isa = PBXBuildFile; fileRef = 1A00000100000014; };
		1A00000100000005 /* LlamaVisionEngine.swift in Sources */ = {isa = PBXBuildFile; fileRef = 1A00000100000015; };
		1A00000100000006 /* ModelManagerView.swift in Sources */ = {isa = PBXBuildFile; fileRef = 1A00000100000016; };
		1A00000100000007 /* NetworkHelper.swift in Sources */ = {isa = PBXBuildFile; fileRef = 1A00000100000017; };
		1A00000100000008 /* ServerControlView.swift in Sources */ = {isa = PBXBuildFile; fileRef = 1A00000100000018; };
		1A00000100000009 /* TelemetryModels.swift in Sources */ = {isa = PBXBuildFile; fileRef = 1A00000100000019; };
		1A00000100000010 /* TelemetryMonitorView.swift in Sources */ = {isa = PBXBuildFile; fileRef = 1A00000100000020; };
		1A00000100000011 /* TelemetryReceiver.swift in Sources */ = {isa = PBXBuildFile; fileRef = 1A00000100000021; };
		1A00000100000012 /* llama.cpp in Sources */ = {isa = PBXBuildFile; fileRef = 1A00000100000030; };
/* End PBXBuildFile section */

/* Begin PBXFileReference section */
		1A00000100000011 /* BionicDroneVisionServerApp.swift */ = {isa = PBXFileReference; lastKnownFileType = sourcecode.swift; path = BionicDroneVisionServerApp.swift; sourceTree = "<group>"; };
		1A00000100000012 /* ContentView.swift */ = {isa = PBXFileReference; lastKnownFileType = sourcecode.swift; path = ContentView.swift; sourceTree = "<group>"; };
		1A00000100000013 /* APIModels.swift */ = {isa = PBXFileReference; lastKnownFileType = sourcecode.swift; path = APIModels.swift; sourceTree = "<group>"; };
		1A00000100000014 /* LlamaServer.swift */ = {isa = PBXFileReference; lastKnownFileType = sourcecode.swift; path = LlamaServer.swift; sourceTree = "<group>"; };
		1A00000100000015 /* LlamaVisionEngine.swift */ = {isa = PBXFileReference; lastKnownFileType = sourcecode.swift; path = LlamaVisionEngine.swift; sourceTree = "<group>"; };
		1A00000100000016 /* ModelManagerView.swift */ = {isa = PBXFileReference; lastKnownFileType = sourcecode.swift; path = ModelManagerView.swift; sourceTree = "<group>"; };
		1A00000100000017 /* NetworkHelper.swift */ = {isa = PBXFileReference; lastKnownFileType = sourcecode.swift; path = NetworkHelper.swift; sourceTree = "<group>"; };
		1A00000100000018 /* ServerControlView.swift */ = {isa = PBXFileReference; lastKnownFileType = sourcecode.swift; path = ServerControlView.swift; sourceTree = "<group>"; };
		1A00000100000019 /* TelemetryModels.swift */ = {isa = PBXFileReference; lastKnownFileType = sourcecode.swift; path = TelemetryModels.swift; sourceTree = "<group>"; };
		1A00000100000020 /* TelemetryMonitorView.swift */ = {isa = PBXFileReference; lastKnownFileType = sourcecode.swift; path = TelemetryMonitorView.swift; sourceTree = "<group>"; };
		1A00000100000021 /* TelemetryReceiver.swift */ = {isa = PBXFileReference; lastKnownFileType = sourcecode.swift; path = TelemetryReceiver.swift; sourceTree = "<group>"; };
		1A00000100000030 /* llama.cpp */ = {isa = PBXFileReference; lastKnownFileType = folder; path = llama.cpp; sourceTree = "<group>"; };
		1A00000100000031 /* ggml */ = {isa = PBXFileReference; lastKnownFileType = folder; path = ggml; sourceTree = "<group>"; };
		1A00000100000032 /* include */ = {isa = PBXFileReference; lastKnownFileType = folder; path = include; sourceTree = "<group>"; };
		1A00000100000033 /* src */ = {isa = PBXFileReference; lastKnownFileType = folder; path = src; sourceTree = "<group>"; };
		1A00000100000034 /* llama.h */ = {isa = PBXFileReference; lastKnownFileType = sourcecode.c.h; path = llama.h; sourceTree = "<group>"; };
		1A00000100000035 /* clip.h */ = {isa = PBXFileReference; lastKnownFileType = sourcecode.c.h; path = clip.h; sourceTree = "<group>"; };
		1A00000100000036 /* llava.h */ = {isa = PBXFileReference; lastKnownFileType = sourcecode.c.h; path = llava.h; sourceTree = "<group>"; };
		1A00000100000037 /* ggml.h */ = {isa = PBXFileReference; lastKnownFileType = sourcecode.c.h; path = ggml.h; sourceTree = "<group>"; };
		1A00000100000038 /* ggml-alloc.h */ = {isa = PBXFileReference; lastKnownFileType = sourcecode.c.h; path = ggml-alloc.h; sourceTree = "<group>"; };
		1A00000100000039 /* ggml-backend.h */ = {isa = PBXFileReference; lastKnownFileType = sourcecode.c.h; path = ggml-backend.h; sourceTree = "<group>"; };
		1A00000100000040 /* ggml-metal.h */ = {isa = PBXFileReference; lastKnownFileType = sourcecode.c.h; path = ggml-metal.h; sourceTree = "<group>"; };
		1A00000100000050 /* BionicDroneVisionServer.app */ = {isa = PBXFileReference; explicitFileType = wrapper.application; includeInIndex = 0; path = BionicDroneVisionServer.app; sourceTree = BUILT_PRODUCTS_DIR; };
/* End PBXFileReference section */

/* Begin PBXFrameworksBuildPhase section */
		1A00000100000001 /* Frameworks */ = {
			isa = PBXFrameworksBuildPhase;
			buildActionMask = 2147483647;
			files = (
			);
			runOnlyForDeploymentPostprocessing = 0;
		};
/* End PBXFrameworksBuildPhase section */

/* Begin PBXGroup section */
		1A00000100000010 /* Root */ = {
			isa = PBXGroup;
			children = (
				1A00000100000011 /* BionicDroneVisionServer */,
				1A00000100000012 /* Frameworks */,
				1A00000100000013 /* llama.cpp */,
				1A00000100000014 /* Products */,
			);
			sourceTree = "<group>";
		};
		1A00000100000011 /* BionicDroneVisionServer */ = {
			isa = PBXGroup;
			children = (
				1A00000100000011 /* BionicDroneVisionServerApp.swift */,
				1A00000100000012 /* ContentView.swift */,
				1A00000100000013 /* APIModels.swift */,
				1A00000100000014 /* LlamaServer.swift */,
				1A00000100000015 /* LlamaVisionEngine.swift */,
				1A00000100000016 /* ModelManagerView.swift */,
				1A00000100000017 /* NetworkHelper.swift */,
				1A00000100000018 /* ServerControlView.swift */,
				1A00000100000019 /* TelemetryModels.swift */,
				1A00000100000020 /* TelemetryMonitorView.swift */,
				1A00000100000021 /* TelemetryReceiver.swift */,
				1A00000100000051 /* Info.plist */,
			);
			path = BionicDroneVisionServer;
			sourceTree = "<group>";
		};
		1A00000100000012 /* Frameworks */ = {
			isa = PBXGroup;
			name = Frameworks;
			sourceTree = "<group>";
		};
		1A00000100000013 /* llama.cpp */ = {
			isa = PBXGroup;
			children = (
				1A00000100000030,
				1A00000100000031,
				1A00000100000032,
				1A00000100000033,
				1A00000100000034,
				1A00000100000035,
				1A00000100000036,
				1A00000100000037,
				1A00000100000038,
				1A00000100000039,
				1A00000100000040,
			);
			path = llama.cpp;
			sourceTree = "<group>";
		};
		1A00000100000014 /* Products */ = {
			isa = PBXGroup;
			children = (
				1A00000100000050,
			);
			name = Products;
			sourceTree = "<group>";
		};
		1A00000100000051 /* Info.plist */ = {isa = PBXFileReference; lastKnownFileType = text.plist.xml; path = Info.plist; sourceTree = "<group>"; };
/* End PBXGroup section */

/* Begin PBXNativeTarget section */
		1A00000100000001 /* BionicDroneVisionServer */ = {
			isa = PBXNativeTarget;
			buildConfigurationList = 1A00000100000003;
			buildPhases = (
				1A00000100000002,
				1A00000100000001,
			);
			buildRules = (
			);
			dependencies = (
			);
			name = BionicDroneVisionServer;
			productName = BionicDroneVisionServer;
			productReference = 1A00000100000050;
			productType = "com.apple.product-type.application";
		};
/* End PBXNativeTarget section */

/* Begin PBXProject section */
		1A00000100000000 /* Project object */ = {
			isa = PBXProject;
			attributes = {
				BuildIndependentTargetsInParallel = 1;
				LastSwiftUpdateCheck = 1540;
				LastUpgradeCheck = 1540;
			};
			buildConfigurationList = 1A00000100000004;
			compatibilityVersion = "Xcode 14.0";
			developmentRegion = en;
			hasScannedForEncodings = 0;
			knownRegions = (
				en,
				Base,
			);
			mainGroup = 1A00000100000010;
			productRefGroup = 1A00000100000014;
			projectDirPath = "";
			projectRoot = "";
			targets = (
				1A00000100000001,
			);
		};
/* End PBXProject section */

/* Begin PBXSourcesBuildPhase section */
		1A00000100000002 /* Sources */ = {
			isa = PBXSourcesBuildPhase;
			buildActionMask = 2147483647;
			files = (
				1A00000100000001,
				1A00000100000002,
				1A00000100000003,
				1A00000100000004,
				1A00000100000005,
				1A00000100000006,
				1A00000100000007,
				1A00000100000008,
				1A00000100000009,
				1A00000100000010,
				1A00000100000011,
				1A00000100000012,
			);
			runOnlyForDeploymentPostprocessing = 0;
		};
/* End PBXSourcesBuildPhase section */

/* Begin XCBuildConfiguration section */
		1A00000100000003 /* Release */ = {
			isa = XCBuildConfiguration;
			buildSettings = {
				ALWAYS_SEARCH_USER_PATHS = NO;
				CLANG_ENABLE_MODULES = YES;
				CLANG_ENABLE_OBJC_ARC = YES;
				COPY_PHASE_STRIP = NO;
				DEBUG_INFORMATION_FORMAT = "dwarf-with-dsym";
				GCC_OPTIMIZATION_LEVEL = 3;
				IPHONEOS_DEPLOYMENT_TARGET = 17.0;
				MTL_ENABLE_DEBUG_INFO = NO;
				ONLY_ACTIVE_ARCH = YES;
				SDKROOT = iphoneos;
				TARGETED_DEVICE_FAMILY = "1,2";
			};
			name = Release;
		};
		1A00000100000004 /* Release */ = {
			isa = XCBuildConfiguration;
			buildSettings = {
				ASSETCATALOG_COMPILER_APPICON_NAME = AppIcon;
				ASSETCATALOG_COMPILER_GLOBAL_ACCENT_COLOR_NAME = AccentColor;
				CODE_SIGN_STYLE = Automatic;
				CURRENT_PROJECT_VERSION = 1;
				DEVELOPMENT_ASSET_PATHS = "\"BionicDroneVisionServer\"";
				ENABLE_PREVIEWS = YES;
				GENERATE_INFOPLIST_FILE = NO;
				INFOPLIST_FILE = "BionicDroneVisionServer/Info.plist";
				INFOPLIST_KEY_UIApplicationSceneManifest_Generation = YES;
				INFOPLIST_KEY_UIApplicationSupportsIndirectInputEvents = YES;
				INFOPLIST_KEY_UILaunchScreen_Generation = YES;
				INFOPLIST_KEY_UISupportedInterfaceOrientations_iPad = "UIInterfaceOrientationPortrait UIInterfaceOrientationPortraitUpsideDown UIInterfaceOrientationLandscapeLeft UIInterfaceOrientationLandscapeRight";
				INFOPLIST_KEY_UISupportedInterfaceOrientations_iPhone = "UIInterfaceOrientationPortrait UIInterfaceOrientationLandscapeLeft UIInterfaceOrientationLandscapeRight";
				IOS_DEPLOYMENT_TARGET = 17.0;
				LLVM_LTO = thin;
				MARKETING_VERSION = 1.0;
				PRODUCT_BUNDLE_IDENTIFIER = com.bionicdrone.visionserver;
				PRODUCT_NAME = "$(TARGET_NAME)";
				SWIFT_EMIT_LOC_STRINGS = YES;
				SWIFT_VERSION = 5.7;
				TARGETED_DEVICE_FAMILY = "1,2";
			};
			name = Release;
		};
/* End XCBuildConfiguration section */

/* Begin XCConfigurationList section */
		1A00000100000003 /* Build configuration list for PBXNativeTarget "BionicDroneVisionServer" */ = {
			isa = XCConfigurationList;
			buildConfigurations = (
				1A00000100000003,
			);
			defaultConfigurationIsVisible = 0;
			defaultConfigurationName = Release;
		};
		1A00000100000004 /* Build configuration list for PBXProject "BionicDroneVisionServer" */ = {
			isa = XCConfigurationList;
			buildConfigurations = (
				1A00000100000004,
			);
			defaultConfigurationIsVisible = 0;
			defaultConfigurationName = Release;
		};
/* End XCConfigurationList section */

	};
	rootObject = 1A00000100000000;
}
